
Microsoft Visual Studio Solution File, Format Version 12.00
# Visual Studio 15
VisualStudioVersion = 15.0.27130.2003
MinimumVisualStudioVersion = 10.0.40219.1
Project("{FAE04EC0-301F-11D3-BF4B-00C04F79EFBC}") = "Syn.VA.Plugins.Loader", "Syn.VA.Plugins.Loader\Syn.VA.Plugins.Loader.csproj", "{EF6029D1-D52B-49AD-97EF-89175E36E5D4}"
EndProject
Project("{FAE04EC0-301F-11D3-BF4B-00C04F79EFBC}") = "Syn.VA.Plugins.Speech", "Syn.VA.Plugins.Speech\Syn.VA.Plugins.Speech.csproj", "{8AD8957A-C3DC-4C99-B365-AF14D5A22134}"
EndProject
Global
	GlobalSection(SolutionConfigurationPlatforms) = preSolution
		Debug|Any CPU = Debug|Any CPU
		Release|Any CPU = Release|Any CPU
	EndGlobalSection
	GlobalSection(ProjectConfigurationPlatforms) = postSolution
		{EF6029D1-D52B-49AD-97EF-89175E36E5D4}.Debug|Any CPU.ActiveCfg = Debug|Any CPU
		{EF6029D1-D52B-49AD-97EF-89175E36E5D4}.Debug|Any CPU.Build.0 = Debug|Any CPU
		{EF6029D1-D52B-49AD-97EF-89175E36E5D4}.Release|Any CPU.ActiveCfg = Release|Any CPU
		{EF6029D1-D52B-49AD-97EF-89175E36E5D4}.Release|Any CPU.Build.0 = Release|Any CPU
		{8AD8957A-C3DC-4C99-B365-AF14D5A22134}.Debug|Any CPU.ActiveCfg = Debug|Any CPU
		{8AD8957A-C3DC-4C99-B365-AF14D5A22134}.Debug|Any CPU.Build.0 = Debug|Any CPU
		{8AD8957A-C3DC-4C99-B365-AF14D5A22134}.Release|Any CPU.ActiveCfg = Release|Any CPU
		{8AD8957A-C3DC-4C99-B365-AF14D5A22134}.Release|Any CPU.Build.0 = Release|Any CPU
	EndGlobalSection
	GlobalSection(SolutionProperties) = preSolution
		HideSolutionNode = FALSE
	EndGlobalSection
	GlobalSection(ExtensibilityGlobals) = postSolution
		SolutionGuid = {5F50A48D-7276-4257-A14B-6FDFE9F177F5}
	EndGlobalSection
EndGlobal
